
Microsoft Visual Studio Solution File, Format Version 12.00
# Visual Studio Version 17
VisualStudioVersion = 17.6.33723.286
MinimumVisualStudioVersion = 10.0.40219.1
Project("{FAE04EC0-301F-11D3-BF4B-00C04F79EFBC}") = "cSharp-BinarySearchTree(BST)", "cSharp-BinarySearchTree(BST).csproj", "{10D4CA1D-6F29-465F-AC69-73E0FCFA1BD6}"
EndProject
Global
	GlobalSection(SolutionConfigurationPlatforms) = preSolution
		Debug|Any CPU = Debug|Any CPU
		Release|Any CPU = Release|Any CPU
	EndGlobalSection
	GlobalSection(ProjectConfigurationPlatforms) = postSolution
		{10D4CA1D-6F29-465F-AC69-73E0FCFA1BD6}.Debug|Any CPU.ActiveCfg = Debug|Any CPU
		{10D4CA1D-6F29-465F-AC69-73E0FCFA1BD6}.Debug|Any CPU.Build.0 = Debug|Any CPU
		{10D4CA1D-6F29-465F-AC69-73E0FCFA1BD6}.Release|Any CPU.ActiveCfg = Release|Any CPU
		{10D4CA1D-6F29-465F-AC69-73E0FCFA1BD6}.Release|Any CPU.Build.0 = Release|Any CPU
	EndGlobalSection
	GlobalSection(SolutionProperties) = preSolution
		HideSolutionNode = FALSE
	EndGlobalSection
	GlobalSection(ExtensibilityGlobals) = postSolution
		SolutionGuid = {69F0507A-C4FB-4655-BADD-AB971570F91B}
	EndGlobalSection
EndGlobal
